
Microsoft Visual Studio Solution File, Format Version 12.00
# Visual Studio Version 17
VisualStudioVersion = 17.1.32421.90
MinimumVisualStudioVersion = 10.0.40219.1
Project("{FAE04EC0-301F-11D3-BF4B-00C04F79EFBC}") = "TicTacToe Game", "TicTacToe Game\TicTacToe Game.csproj", "{FA9E50F2-6A9D-4FAD-AA14-231F5BE3A4E5}"
EndProject
Global
	GlobalSection(SolutionConfigurationPlatforms) = preSolution
		Debug|Any CPU = Debug|Any CPU
		Release|Any CPU = Release|Any CPU
	EndGlobalSection
	GlobalSection(ProjectConfigurationPlatforms) = postSolution
		{FA9E50F2-6A9D-4FAD-AA14-231F5BE3A4E5}.Debug|Any CPU.ActiveCfg = Debug|Any CPU
		{FA9E50F2-6A9D-4FAD-AA14-231F5BE3A4E5}.Debug|Any CPU.Build.0 = Debug|Any CPU
		{FA9E50F2-6A9D-4FAD-AA14-231F5BE3A4E5}.Release|Any CPU.ActiveCfg = Release|Any CPU
		{FA9E50F2-6A9D-4FAD-AA14-231F5BE3A4E5}.Release|Any CPU.Build.0 = Release|Any CPU
	EndGlobalSection
	GlobalSection(SolutionProperties) = preSolution
		HideSolutionNode = FALSE
	EndGlobalSection
	GlobalSection(ExtensibilityGlobals) = postSolution
		SolutionGuid = {122AE2C6-A430-4387-BB58-0A0AC90BE14C}
	EndGlobalSection
EndGlobal
